hash: 5dedb82ed95331647c3cb7109ab4ad581770e6d624149a5f32910713a6754492
updated: 2017-07-04T23:51:02.362464252+01:00
imports:
- name: github.com/golang/protobuf
  version: 8616e8ee5e20a1704615e6c8d7afcdac06087a67
  subpackages:
  - proto
- name: github.com/multiformats/go-multistream
  version: b8f1996688ab586031517919b49b1967fca8d5d9
- name: github.com/nimona/go-nimona-mux
  version: 5dfef5b1e5c889dcabe90dcc0659d0409aff5640
- name: github.com/nimona/go-nimona-net
  version: dce617de6089549c7275417d1b079b70cbd044ab
- name: github.com/nimona/go-nimona-peerstore
  version: 5a01796bc279e095cc05aab837e0d4705a975226
- name: golang.org/x/crypto
  version: d172538b2cfce0c13cee31e647d0367aa8cd2486
  subpackages:
  - sha3
testImports: []
